// !$*UTF8*$!
{
	archiveVersion = 1;
	classes = {
	};
	objectVersion = 46;
	objects = {

/* Begin PBXBuildFile section */
		89ABEB8E17C3DA5100F0BF51 /* UIKit.framework in Frameworks */ = {isa = PBXBuildFile; fileRef = 89ABEB8D17C3DA5100F0BF51 /* UIKit.framework */; };
		89ABEB9017C3DA5200F0BF51 /* Foundation.framework in Frameworks */ = {isa = PBXBuildFile; fileRef = 89ABEB8F17C3DA5100F0BF51 /* Foundation.framework */; };
		89ABEB9217C3DA5200F0BF51 /* CoreGraphics.framework in Frameworks */ = {isa = PBXBuildFile; fileRef = 89ABEB9117C3DA5200F0BF51 /* CoreGraphics.framework */; };
		89ABEB9817C3DA5200F0BF51 /* InfoPlist.strings in Resources */ = {isa = PBXBuildFile; fileRef = 89ABEB9617C3DA5200F0BF51 /* InfoPlist.strings */; };
		89ABEB9A17C3DA5200F0BF51 /* main.m in Sources */ = {isa = PBXBuildFile; fileRef = 89ABEB9917C3DA5200F0BF51 /* main.m */; };
		89ABEB9E17C3DA5200F0BF51 /* AppDelegate.m in Sources */ = {isa = PBXBuildFile; fileRef = 89ABEB9D17C3DA5200F0BF51 /* AppDelegate.m */; };
		89ABEBA017C3DA5200F0BF51 /* Default.png in Resources */ = {isa = PBXBuildFile; fileRef = 89ABEB9F17C3DA5200F0BF51 /* Default.png */; };
		89ABEBA217C3DA5200F0BF51 /* Default@2x.png in Resources */ = {isa = PBXBuildFile; fileRef = 89ABEBA117C3DA5200F0BF51 /* Default@2x.png */; };
		89ABEBA417C3DA5200F0BF51 /* Default-568h@2x.png in Resources */ = {isa = PBXBuildFile; fileRef = 89ABEBA317C3DA5200F0BF51 /* Default-568h@2x.png */; };
		89ABEBAD17C3DAB700F0BF51 /* SecondViewController.m in Sources */ = {isa = PBXBuildFile; fileRef = 89ABEBAB17C3DAB700F0BF51 /* SecondViewController.m */; };
		89ABEBAE17C3DAB700F0BF51 /* SecondViewController.xib in Resources */ = {isa = PBXBuildFile; fileRef = 89ABEBAC17C3DAB700F0BF51 /* SecondViewController.xib */; };
		89ABEBB217C3DAD300F0BF51 /* FirstViewController.m in Sources */ = {isa = PBXBuildFile; fileRef = 89ABEBB017C3DAD300F0BF51 /* FirstViewController.m */; };
		89ABEBB317C3DAD300F0BF51 /* FirstViewController.xib in Resources */ = {isa = PBXBuildFile; fileRef = 89ABEBB117C3DAD300F0BF51 /* FirstViewController.xib */; };
		89ABEBB517C3DBA800F0BF51 /* MainWindows.xib in Resources */ = {isa = PBXBuildFile; fileRef = 89ABEBB417C3DBA800F0BF51 /* MainWindows.xib */; };
		89ABEBB917C3E2FE00F0BF51 /* ThirdViewController.m in Sources */ = {isa = PBXBuildFile; fileRef = 89ABEBB717C3E2FE00F0BF51 /* ThirdViewController.m */; };
		89ABEBBA17C3E2FE00F0BF51 /* ThirdViewController.xib in Resources */ = {isa = PBXBuildFile; fileRef = 89ABEBB817C3E2FE00F0BF51 /* ThirdViewController.xib */; };
		89ABEBC017C3E81100F0BF51 /* MyCell.m in Sources */ = {isa = PBXBuildFile; fileRef = 89ABEBBF17C3E81100F0BF51 /* MyCell.m */; };
		89ABEBC217C3E86C00F0BF51 /* MyCell.xib in Resources */ = {isa = PBXBuildFile; fileRef = 89ABEBC117C3E86B00F0BF51 /* MyCell.xib */; };
		89ABEBE117C489EF00F0BF51 /* MKAnnotationView+WebCache.m in Sources */ = {isa = PBXBuildFile; fileRef = 89ABEBC517C489EF00F0BF51 /* MKAnnotationView+WebCache.m */; };
		89ABEBE217C489EF00F0BF51 /* NSData+GIF.m in Sources */ = {isa = PBXBuildFile; fileRef = 89ABEBC717C489EF00F0BF51 /* NSData+GIF.m */; };
		89ABEBE317C489EF00F0BF51 /* SDImageCache.m in Sources */ = {isa = PBXBuildFile; fileRef = 89ABEBC917C489EF00F0BF51 /* SDImageCache.m */; };
		89ABEBE417C489EF00F0BF51 /* SDWebImageCompat.m in Sources */ = {isa = PBXBuildFile; fileRef = 89ABEBCB17C489EF00F0BF51 /* SDWebImageCompat.m */; };
		89ABEBE517C489EF00F0BF51 /* SDWebImageDecoder.m in Sources */ = {isa = PBXBuildFile; fileRef = 89ABEBCD17C489EF00F0BF51 /* SDWebImageDecoder.m */; };
		89ABEBE617C489EF00F0BF51 /* SDWebImageDownloader.m in Sources */ = {isa = PBXBuildFile; fileRef = 89ABEBCF17C489EF00F0BF51 /* SDWebImageDownloader.m */; };
		89ABEBE717C489EF00F0BF51 /* SDWebImageDownloaderOperation.m in Sources */ = {isa = PBXBuildFile; fileRef = 89ABEBD117C489EF00F0BF51 /* SDWebImageDownloaderOperation.m */; };
		89ABEBE817C489EF00F0BF51 /* SDWebImageManager.m in Sources */ = {isa = PBXBuildFile; fileRef = 89ABEBD317C489EF00F0BF51 /* SDWebImageManager.m */; };
		89ABEBE917C489EF00F0BF51 /* SDWebImagePrefetcher.m in Sources */ = {isa = PBXBuildFile; fileRef = 89ABEBD617C489EF00F0BF51 /* SDWebImagePrefetcher.m */; };
		89ABEBEA17C489EF00F0BF51 /* UIButton+WebCache.m in Sources */ = {isa = PBXBuildFile; fileRef = 89ABEBD817C489EF00F0BF51 /* UIButton+WebCache.m */; };
		89ABEBEB17C489EF00F0BF51 /* UIImage+GIF.m in Sources */ = {isa = PBXBuildFile; fileRef = 89ABEBDA17C489EF00F0BF51 /* UIImage+GIF.m */; };
		89ABEBEC17C489EF00F0BF51 /* UIImage+MultiFormat.m in Sources */ = {isa = PBXBuildFile; fileRef = 89ABEBDC17C489EF00F0BF51 /* UIImage+MultiFormat.m */; };
		89ABEBED17C489EF00F0BF51 /* UIImage+WebP.m in Sources */ = {isa = PBXBuildFile; fileRef = 89ABEBDE17C489EF00F0BF51 /* UIImage+WebP.m */; };
		89ABEBEE17C489EF00F0BF51 /* UIImageView+WebCache.m in Sources */ = {isa = PBXBuildFile; fileRef = 89ABEBE017C489EF00F0BF51 /* UIImageView+WebCache.m */; };
		89ABEBF017C489FC00F0BF51 /* MapKit.framework in Frameworks */ = {isa = PBXBuildFile; fileRef = 89ABEBEF17C489FC00F0BF51 /* MapKit.framework */; };
		89ABEBF217C48A0200F0BF51 /* ImageIO.framework in Frameworks */ = {isa = PBXBuildFile; fileRef = 89ABEBF117C48A0200F0BF51 /* ImageIO.framework */; };
/* End PBXBuildFile section */

/* Begin PBXFileReference section */
		89ABEB8A17C3DA5100F0BF51 /* TabAndNav.app */ = {isa = PBXFileReference; explicitFileType = wrapper.application; includeInIndex = 0; path = TabAndNav.app; sourceTree = BUILT_PRODUCTS_DIR; };
		89ABEB8D17C3DA5100F0BF51 /* UIKit.framework */ = {isa = PBXFileReference; lastKnownFileType = wrapper.framework; name = UIKit.framework; path = System/Library/Frameworks/UIKit.framework; sourceTree = SDKROOT; };
		89ABEB8F17C3DA5100F0BF51 /* Foundation.framework */ = {isa = PBXFileReference; lastKnownFileType = wrapper.framework; name = Foundation.framework; path = System/Library/Frameworks/Foundation.framework; sourceTree = SDKROOT; };
		89ABEB9117C3DA5200F0BF51 /* CoreGraphics.framework */ = {isa = PBXFileReference; lastKnownFileType = wrapper.framework; name = CoreGraphics.framework; path = System/Library/Frameworks/CoreGraphics.framework; sourceTree = SDKROOT; };
		89ABEB9517C3DA5200F0BF51 /* TabAndNav-Info.plist */ = {isa = PBXFileReference; lastKnownFileType = text.plist.xml; path = "TabAndNav-Info.plist"; sourceTree = "<group>"; };
		89ABEB9717C3DA5200F0BF51 /* en */ = {isa = PBXFileReference; lastKnownFileType = text.plist.strings; name = en; path = en.lproj/InfoPlist.strings; sourceTree = "<group>"; };
		89ABEB9917C3DA5200F0BF51 /* main.m */ = {isa = PBXFileReference; lastKnownFileType = sourcecode.c.objc; path = main.m; sourceTree = "<group>"; };
		89ABEB9B17C3DA5200F0BF51 /* TabAndNav-Prefix.pch */ = {isa = PBXFileReference; lastKnownFileType = sourcecode.c.h; path = "TabAndNav-Prefix.pch"; sourceTree = "<group>"; };
		89ABEB9C17C3DA5200F0BF51 /* AppDelegate.h */ = {isa = PBXFileReference; lastKnownFileType = sourcecode.c.h; path = AppDelegate.h; sourceTree = "<group>"; };
		89ABEB9D17C3DA5200F0BF51 /* AppDelegate.m */ = {isa = PBXFileReference; lastKnownFileType = sourcecode.c.objc; path = AppDelegate.m; sourceTree = "<group>"; };
		89ABEB9F17C3DA5200F0BF51 /* Default.png */ = {isa = PBXFileReference; lastKnownFileType = image.png; path = Default.png; sourceTree = "<group>"; };
		89ABEBA117C3DA5200F0BF51 /* Default@2x.png */ = {isa = PBXFileReference; lastKnownFileType = image.png; path = "Default@2x.png"; sourceTree = "<group>"; };
		89ABEBA317C3DA5200F0BF51 /* Default-568h@2x.png */ = {isa = PBXFileReference; lastKnownFileType = image.png; path = "Default-568h@2x.png"; sourceTree = "<group>"; };
		89ABEBAA17C3DAB700F0BF51 /* SecondViewController.h */ = {isa = PBXFileReference; fileEncoding = 4; lastKnownFileType = sourcecode.c.h; path = SecondViewController.h; sourceTree = "<group>"; };
		89ABEBAB17C3DAB700F0BF51 /* SecondViewController.m */ = {isa = PBXFileReference; fileEncoding = 4; lastKnownFileType = sourcecode.c.objc; path = SecondViewController.m; sourceTree = "<group>"; };
		89ABEBAC17C3DAB700F0BF51 /* SecondViewController.xib */ = {isa = PBXFileReference; fileEncoding = 4; lastKnownFileType = file.xib; path = SecondViewController.xib; sourceTree = "<group>"; };
		89ABEBAF17C3DAD300F0BF51 /* FirstViewController.h */ = {isa = PBXFileReference; fileEncoding = 4; lastKnownFileType = sourcecode.c.h; path = FirstViewController.h; sourceTree = "<group>"; };
		89ABEBB017C3DAD300F0BF51 /* FirstViewController.m */ = {isa = PBXFileReference; fileEncoding = 4; lastKnownFileType = sourcecode.c.objc; path = FirstViewController.m; sourceTree = "<group>"; };
		89ABEBB117C3DAD300F0BF51 /* FirstViewController.xib */ = {isa = PBXFileReference; fileEncoding = 4; lastKnownFileType = file.xib; path = FirstViewController.xib; sourceTree = "<group>"; };
		89ABEBB417C3DBA800F0BF51 /* MainWindows.xib */ = {isa = PBXFileReference; fileEncoding = 4; lastKnownFileType = file.xib; path = MainWindows.xib; sourceTree = "<group>"; };
		89ABEBB617C3E2FE00F0BF51 /* ThirdViewController.h */ = {isa = PBXFileReference; fileEncoding = 4; lastKnownFileType = sourcecode.c.h; path = ThirdViewController.h; sourceTree = "<group>"; };
		89ABEBB717C3E2FE00F0BF51 /* ThirdViewController.m */ = {isa = PBXFileReference; fileEncoding = 4; lastKnownFileType = sourcecode.c.objc; path = ThirdViewController.m; sourceTree = "<group>"; };
		89ABEBB817C3E2FE00F0BF51 /* ThirdViewController.xib */ = {isa = PBXFileReference; fileEncoding = 4; lastKnownFileType = file.xib; path = ThirdViewController.xib; sourceTree = "<group>"; };
		89ABEBBE17C3E81100F0BF51 /* MyCell.h */ = {isa = PBXFileReference; fileEncoding = 4; lastKnownFileType = sourcecode.c.h; path = MyCell.h; sourceTree = "<group>"; };
		89ABEBBF17C3E81100F0BF51 /* MyCell.m */ = {isa = PBXFileReference; fileEncoding = 4; lastKnownFileType = sourcecode.c.objc; path = MyCell.m; sourceTree = "<group>"; };
		89ABEBC117C3E86B00F0BF51 /* MyCell.xib */ = {isa = PBXFileReference; fileEncoding = 4; lastKnownFileType = file.xib; path = MyCell.xib; sourceTree = "<group>"; };
		89ABEBC417C489EF00F0BF51 /* MKAnnotationView+WebCache.h */ = {isa = PBXFileReference; fileEncoding = 4; lastKnownFileType = sourcecode.c.h; path = "MKAnnotationView+WebCache.h"; sourceTree = "<group>"; };
		89ABEBC517C489EF00F0BF51 /* MKAnnotationView+WebCache.m */ = {isa = PBXFileReference; fileEncoding = 4; lastKnownFileType = sourcecode.c.objc; path = "MKAnnotationView+WebCache.m"; sourceTree = "<group>"; };
		89ABEBC617C489EF00F0BF51 /* NSData+GIF.h */ = {isa = PBXFileReference; fileEncoding = 4; lastKnownFileType = sourcecode.c.h; path = "NSData+GIF.h"; sourceTree = "<group>"; };
		89ABEBC717C489EF00F0BF51 /* NSData+GIF.m */ = {isa = PBXFileReference; fileEncoding = 4; lastKnownFileType = sourcecode.c.objc; path = "NSData+GIF.m"; sourceTree = "<group>"; };
		89ABEBC817C489EF00F0BF51 /* SDImageCache.h */ = {isa = PBXFileReference; fileEncoding = 4; lastKnownFileType = sourcecode.c.h; path = SDImageCache.h; sourceTree = "<group>"; };
		89ABEBC917C489EF00F0BF51 /* SDImageCache.m */ = {isa = PBXFileReference; fileEncoding = 4; lastKnownFileType = sourcecode.c.objc; path = SDImageCache.m; sourceTree = "<group>"; };
		89ABEBCA17C489EF00F0BF51 /* SDWebImageCompat.h */ = {isa = PBXFileReference; fileEncoding = 4; lastKnownFileType = sourcecode.c.h; path = SDWebImageCompat.h; sourceTree = "<group>"; };
		89ABEBCB17C489EF00F0BF51 /* SDWebImageCompat.m */ = {isa = PBXFileReference; fileEncoding = 4; lastKnownFileType = sourcecode.c.objc; path = SDWebImageCompat.m; sourceTree = "<group>"; };
		89ABEBCC17C489EF00F0BF51 /* SDWebImageDecoder.h */ = {isa = PBXFileReference; fileEncoding = 4; lastKnownFileType = sourcecode.c.h; path = SDWebImageDecoder.h; sourceTree = "<group>"; };
		89ABEBCD17C489EF00F0BF51 /* SDWebImageDecoder.m */ = {isa = PBXFileReference; fileEncoding = 4; lastKnownFileType = sourcecode.c.objc; path = SDWebImageDecoder.m; sourceTree = "<group>"; };
		89ABEBCE17C489EF00F0BF51 /* SDWebImageDownloader.h */ = {isa = PBXFileReference; fileEncoding = 4; lastKnownFileType = sourcecode.c.h; path = SDWebImageDownloader.h; sourceTree = "<group>"; };
		89ABEBCF17C489EF00F0BF51 /* SDWebImageDownloader.m */ = {isa = PBXFileReference; fileEncoding = 4; lastKnownFileType = sourcecode.c.objc; path = SDWebImageDownloader.m; sourceTree = "<group>"; };
		89ABEBD017C489EF00F0BF51 /* SDWebImageDownloaderOperation.h */ = {isa = PBXFileReference; fileEncoding = 4; lastKnownFileType = sourcecode.c.h; path = SDWebImageDownloaderOperation.h; sourceTree = "<group>"; };
		89ABEBD117C489EF00F0BF51 /* SDWebImageDownloaderOperation.m */ = {isa = PBXFileReference; fileEncoding = 4; lastKnownFileType = sourcecode.c.objc; path = SDWebImageDownloaderOperation.m; sourceTree = "<group>"; };
		89ABEBD217C489EF00F0BF51 /* SDWebImageManager.h */ = {isa = PBXFileReference; fileEncoding = 4; lastKnownFileType = sourcecode.c.h; path = SDWebImageManager.h; sourceTree = "<group>"; };
		89ABEBD317C489EF00F0BF51 /* SDWebImageManager.m */ = {isa = PBXFileReference; fileEncoding = 4; lastKnownFileType = sourcecode.c.objc; path = SDWebImageManager.m; sourceTree = "<group>"; };
		89ABEBD417C489EF00F0BF51 /* SDWebImageOperation.h */ = {isa = PBXFileReference; fileEncoding = 4; lastKnownFileType = sourcecode.c.h; path = SDWebImageOperation.h; sourceTree = "<group>"; };
		89ABEBD517C489EF00F0BF51 /* SDWebImagePrefetcher.h */ = {isa = PBXFileReference; fileEncoding = 4; lastKnownFileType = sourcecode.c.h; path = SDWebImagePrefetcher.h; sourceTree = "<group>"; };
		89ABEBD617C489EF00F0BF51 /* SDWebImagePrefetcher.m */ = {isa = PBXFileReference; fileEncoding = 4; lastKnownFileType = sourcecode.c.objc; path = SDWebImagePrefetcher.m; sourceTree = "<group>"; };
		89ABEBD717C489EF00F0BF51 /* UIButton+WebCache.h */ = {isa = PBXFileReference; fileEncoding = 4; lastKnownFileType = sourcecode.c.h; path = "UIButton+WebCache.h"; sourceTree = "<group>"; };
		89ABEBD817C489EF00F0BF51 /* UIButton+WebCache.m */ = {isa = PBXFileReference; fileEncoding = 4; lastKnownFileType = sourcecode.c.objc; path = "UIButton+WebCache.m"; sourceTree = "<group>"; };
		89ABEBD917C489EF00F0BF51 /* UIImage+GIF.h */ = {isa = PBXFileReference; fileEncoding = 4; lastKnownFileType = sourcecode.c.h; path = "UIImage+GIF.h"; sourceTree = "<group>"; };
		89ABEBDA17C489EF00F0BF51 /* UIImage+GIF.m */ = {isa = PBXFileReference; fileEncoding = 4; lastKnownFileType = sourcecode.c.objc; path = "UIImage+GIF.m"; sourceTree = "<group>"; };
		89ABEBDB17C489EF00F0BF51 /* UIImage+MultiFormat.h */ = {isa = PBXFileReference; fileEncoding = 4; lastKnownFileType = sourcecode.c.h; path = "UIImage+MultiFormat.h"; sourceTree = "<group>"; };
		89ABEBDC17C489EF00F0BF51 /* UIImage+MultiFormat.m */ = {isa = PBXFileReference; fileEncoding = 4; lastKnownFileType = sourcecode.c.objc; path = "UIImage+MultiFormat.m"; sourceTree = "<group>"; };
		89ABEBDD17C489EF00F0BF51 /* UIImage+WebP.h */ = {isa = PBXFileReference; fileEncoding = 4; lastKnownFileType = sourcecode.c.h; path = "UIImage+WebP.h"; sourceTree = "<group>"; };
		89ABEBDE17C489EF00F0BF51 /* UIImage+WebP.m */ = {isa = PBXFileReference; fileEncoding = 4; lastKnownFileType = sourcecode.c.objc; path = "UIImage+WebP.m"; sourceTree = "<group>"; };
		89ABEBDF17C489EF00F0BF51 /* UIImageView+WebCache.h */ = {isa = PBXFileReference; fileEncoding = 4; lastKnownFileType = sourcecode.c.h; path = "UIImageView+WebCache.h"; sourceTree = "<group>"; };
		89ABEBE017C489EF00F0BF51 /* UIImageView+WebCache.m */ = {isa = PBXFileReference; fileEncoding = 4; lastKnownFileType = sourcecode.c.objc; path = "UIImageView+WebCache.m"; sourceTree = "<group>"; };
		89ABEBEF17C489FC00F0BF51 /* MapKit.framework */ = {isa = PBXFileReference; lastKnownFileType = wrapper.framework; name = MapKit.framework; path = System/Library/Frameworks/MapKit.framework; sourceTree = SDKROOT; };
		89ABEBF117C48A0200F0BF51 /* ImageIO.framework */ = {isa = PBXFileReference; lastKnownFileType = wrapper.framework; name = ImageIO.framework; path = System/Library/Frameworks/ImageIO.framework; sourceTree = SDKROOT; };
/* End PBXFileReference section */

/* Begin PBXFrameworksBuildPhase section */
		89ABEB8717C3DA5100F0BF51 /* Frameworks */ = {
			isa = PBXFrameworksBuildPhase;
			buildActionMask = 2147483647;
			files = (
				89ABEBF217C48A0200F0BF51 /* ImageIO.framework in Frameworks */,
				89ABEBF017C489FC00F0BF51 /* MapKit.framework in Frameworks */,
				89ABEB8E17C3DA5100F0BF51 /* UIKit.framework in Frameworks */,
				89ABEB9017C3DA5200F0BF51 /* Foundation.framework in Frameworks */,
				89ABEB9217C3DA5200F0BF51 /* CoreGraphics.framework in Frameworks */,
			);
			runOnlyForDeploymentPostprocessing = 0;
		};
/* End PBXFrameworksBuildPhase section */

/* Begin PBXGroup section */
		89ABEB8117C3DA5100F0BF51 = {
			isa = PBXGroup;
			children = (
				89ABEBF117C48A0200F0BF51 /* ImageIO.framework */,
				89ABEBEF17C489FC00F0BF51 /* MapKit.framework */,
				89ABEB9317C3DA5200F0BF51 /* test */,
				89ABEB8C17C3DA5100F0BF51 /* Frameworks */,
				89ABEB8B17C3DA5100F0BF51 /* Products */,
			);
			sourceTree = "<group>";
		};
		89ABEB8B17C3DA5100F0BF51 /* Products */ = {
			isa = PBXGroup;
			children = (
				89ABEB8A17C3DA5100F0BF51 /* TabAndNav.app */,
			);
			name = Products;
			sourceTree = "<group>";
		};
		89ABEB8C17C3DA5100F0BF51 /* Frameworks */ = {
			isa = PBXGroup;
			children = (
				89ABEB8D17C3DA5100F0BF51 /* UIKit.framework */,
				89ABEB8F17C3DA5100F0BF51 /* Foundation.framework */,
				89ABEB9117C3DA5200F0BF51 /* CoreGraphics.framework */,
			);
			name = Frameworks;
			sourceTree = "<group>";
		};
		89ABEB9317C3DA5200F0BF51 /* test */ = {
			isa = PBXGroup;
			children = (
				89ABEB9C17C3DA5200F0BF51 /* AppDelegate.h */,
				89ABEB9D17C3DA5200F0BF51 /* AppDelegate.m */,
				89ABEBAA17C3DAB700F0BF51 /* SecondViewController.h */,
				89ABEBAB17C3DAB700F0BF51 /* SecondViewController.m */,
				89ABEBAF17C3DAD300F0BF51 /* FirstViewController.h */,
				89ABEBB017C3DAD300F0BF51 /* FirstViewController.m */,
				89ABEBB617C3E2FE00F0BF51 /* ThirdViewController.h */,
				89ABEBB717C3E2FE00F0BF51 /* ThirdViewController.m */,
				89ABEBBE17C3E81100F0BF51 /* MyCell.h */,
				89ABEBBF17C3E81100F0BF51 /* MyCell.m */,
				89ABEBB417C3DBA800F0BF51 /* MainWindows.xib */,
				89ABEBB117C3DAD300F0BF51 /* FirstViewController.xib */,
				89ABEBAC17C3DAB700F0BF51 /* SecondViewController.xib */,
				89ABEBB817C3E2FE00F0BF51 /* ThirdViewController.xib */,
				89ABEBC117C3E86B00F0BF51 /* MyCell.xib */,
				89ABEBC317C489EF00F0BF51 /* SDWebImage */,
				89ABEB9417C3DA5200F0BF51 /* Supporting Files */,
			);
			path = test;
			sourceTree = "<group>";
		};
		89ABEB9417C3DA5200F0BF51 /* Supporting Files */ = {
			isa = PBXGroup;
			children = (
				89ABEB9517C3DA5200F0BF51 /* TabAndNav-Info.plist */,
				89ABEB9617C3DA5200F0BF51 /* InfoPlist.strings */,
				89ABEB9917C3DA5200F0BF51 /* main.m */,
				89ABEB9B17C3DA5200F0BF51 /* TabAndNav-Prefix.pch */,
				89ABEB9F17C3DA5200F0BF51 /* Default.png */,
				89ABEBA117C3DA5200F0BF51 /* Default@2x.png */,
				89ABEBA317C3DA5200F0BF51 /* Default-568h@2x.png */,
			);
			name = "Supporting Files";
			sourceTree = "<group>";
		};
		89ABEBC317C489EF00F0BF51 /* SDWebImage */ = {
			isa = PBXGroup;
			children = (
				89ABEBC417C489EF00F0BF51 /* MKAnnotationView+WebCache.h */,
				89ABEBC517C489EF00F0BF51 /* MKAnnotationView+WebCache.m */,
				89ABEBC617C489EF00F0BF51 /* NSData+GIF.h */,
				89ABEBC717C489EF00F0BF51 /* NSData+GIF.m */,
				89ABEBC817C489EF00F0BF51 /* SDImageCache.h */,
				89ABEBC917C489EF00F0BF51 /* SDImageCache.m */,
				89ABEBCA17C489EF00F0BF51 /* SDWebImageCompat.h */,
				89ABEBCB17C489EF00F0BF51 /* SDWebImageCompat.m */,
				89ABEBCC17C489EF00F0BF51 /* SDWebImageDecoder.h */,
				89ABEBCD17C489EF00F0BF51 /* SDWebImageDecoder.m */,
				89ABEBCE17C489EF00F0BF51 /* SDWebImageDownloader.h */,
				89ABEBCF17C489EF00F0BF51 /* SDWebImageDownloader.m */,
				89ABEBD017C489EF00F0BF51 /* SDWebImageDownloaderOperation.h */,
				89ABEBD117C489EF00F0BF51 /* SDWebImageDownloaderOperation.m */,
				89ABEBD217C489EF00F0BF51 /* SDWebImageManager.h */,
				89ABEBD317C489EF00F0BF51 /* SDWebImageManager.m */,
				89ABEBD417C489EF00F0BF51 /* SDWebImageOperation.h */,
				89ABEBD517C489EF00F0BF51 /* SDWebImagePrefetcher.h */,
				89ABEBD617C489EF00F0BF51 /* SDWebImagePrefetcher.m */,
				89ABEBD717C489EF00F0BF51 /* UIButton+WebCache.h */,
				89ABEBD817C489EF00F0BF51 /* UIButton+WebCache.m */,
				89ABEBD917C489EF00F0BF51 /* UIImage+GIF.h */,
				89ABEBDA17C489EF00F0BF51 /* UIImage+GIF.m */,
				89ABEBDB17C489EF00F0BF51 /* UIImage+MultiFormat.h */,
				89ABEBDC17C489EF00F0BF51 /* UIImage+MultiFormat.m */,
				89ABEBDD17C489EF00F0BF51 /* UIImage+WebP.h */,
				89ABEBDE17C489EF00F0BF51 /* UIImage+WebP.m */,
				89ABEBDF17C489EF00F0BF51 /* UIImageView+WebCache.h */,
				89ABEBE017C489EF00F0BF51 /* UIImageView+WebCache.m */,
			);
			path = SDWebImage;
			sourceTree = "<group>";
		};
/* End PBXGroup section */

/* Begin PBXNativeTarget section */
		89ABEB8917C3DA5100F0BF51 /* TabAndNav */ = {
			isa = PBXNativeTarget;
			buildConfigurationList = 89ABEBA717C3DA5200F0BF51 /* Build configuration list for PBXNativeTarget "TabAndNav" */;
			buildPhases = (
				89ABEB8617C3DA5100F0BF51 /* Sources */,
				89ABEB8717C3DA5100F0BF51 /* Frameworks */,
				89ABEB8817C3DA5100F0BF51 /* Resources */,
			);
			buildRules = (
			);
			dependencies = (
			);
			name = TabAndNav;
			productName = test;
			productReference = 89ABEB8A17C3DA5100F0BF51 /* TabAndNav.app */;
			productType = "com.apple.product-type.application";
		};
/* End PBXNativeTarget section */

/* Begin PBXProject section */
		89ABEB8217C3DA5100F0BF51 /* Project object */ = {
			isa = PBXProject;
			attributes = {
				LastUpgradeCheck = 0460;
				ORGANIZATIONNAME = "Youwei Teng";
			};
			buildConfigurationList = 89ABEB8517C3DA5100F0BF51 /* Build configuration list for PBXProject "TabAndNav" */;
			compatibilityVersion = "Xcode 3.2";
			developmentRegion = English;
			hasScannedForEncodings = 0;
			knownRegions = (
				en,
			);
			mainGroup = 89ABEB8117C3DA5100F0BF51;
			productRefGroup = 89ABEB8B17C3DA5100F0BF51 /* Products */;
			projectDirPath = "";
			projectRoot = "";
			targets = (
				89ABEB8917C3DA5100F0BF51 /* TabAndNav */,
			);
		};
/* End PBXProject section */

/* Begin PBXResourcesBuildPhase section */
		89ABEB8817C3DA5100F0BF51 /* Resources */ = {
			isa = PBXResourcesBuildPhase;
			buildActionMask = 2147483647;
			files = (
				89ABEB9817C3DA5200F0BF51 /* InfoPlist.strings in Resources */,
				89ABEBA017C3DA5200F0BF51 /* Default.png in Resources */,
				89ABEBA217C3DA5200F0BF51 /* Default@2x.png in Resources */,
				89ABEBA417C3DA5200F0BF51 /* Default-568h@2x.png in Resources */,
				89ABEBAE17C3DAB700F0BF51 /* SecondViewController.xib in Resources */,
				89ABEBB317C3DAD300F0BF51 /* FirstViewController.xib in Resources */,
				89ABEBB517C3DBA800F0BF51 /* MainWindows.xib in Resources */,
				89ABEBBA17C3E2FE00F0BF51 /* ThirdViewController.xib in Resources */,
				89ABEBC217C3E86C00F0BF51 /* MyCell.xib in Resources */,
			);
			runOnlyForDeploymentPostprocessing = 0;
		};
/* End PBXResourcesBuildPhase section */

/* Begin PBXSourcesBuildPhase section */
		89ABEB8617C3DA5100F0BF51 /* Sources */ = {
			isa = PBXSourcesBuildPhase;
			buildActionMask = 2147483647;
			files = (
				89ABEB9A17C3DA5200F0BF51 /* main.m in Sources */,
				89ABEB9E17C3DA5200F0BF51 /* AppDelegate.m in Sources */,
				89ABEBAD17C3DAB700F0BF51 /* SecondViewController.m in Sources */,
				89ABEBB217C3DAD300F0BF51 /* FirstViewController.m in Sources */,
				89ABEBB917C3E2FE00F0BF51 /* ThirdViewController.m in Sources */,
				89ABEBC017C3E81100F0BF51 /* MyCell.m in Sources */,
				89ABEBE117C489EF00F0BF51 /* MKAnnotationView+WebCache.m in Sources */,
				89ABEBE217C489EF00F0BF51 /* NSData+GIF.m in Sources */,
				89ABEBE317C489EF00F0BF51 /* SDImageCache.m in Sources */,
				89ABEBE417C489EF00F0BF51 /* SDWebImageCompat.m in Sources */,
				89ABEBE517C489EF00F0BF51 /* SDWebImageDecoder.m in Sources */,
				89ABEBE617C489EF00F0BF51 /* SDWebImageDownloader.m in Sources */,
				89ABEBE717C489EF00F0BF51 /* SDWebImageDownloaderOperation.m in Sources */,
				89ABEBE817C489EF00F0BF51 /* SDWebImageManager.m in Sources */,
				89ABEBE917C489EF00F0BF51 /* SDWebImagePrefetcher.m in Sources */,
				89ABEBEA17C489EF00F0BF51 /* UIButton+WebCache.m in Sources */,
				89ABEBEB17C489EF00F0BF51 /* UIImage+GIF.m in Sources */,
				89ABEBEC17C489EF00F0BF51 /* UIImage+MultiFormat.m in Sources */,
				89ABEBED17C489EF00F0BF51 /* UIImage+WebP.m in Sources */,
				89ABEBEE17C489EF00F0BF51 /* UIImageView+WebCache.m in Sources */,
			);
			runOnlyForDeploymentPostprocessing = 0;
		};
/* End PBXSourcesBuildPhase section */

/* Begin PBXVariantGroup section */
		89ABEB9617C3DA5200F0BF51 /* InfoPlist.strings */ = {
			isa = PBXVariantGroup;
			children = (
				89ABEB9717C3DA5200F0BF51 /* en */,
			);
			name = InfoPlist.strings;
			sourceTree = "<group>";
		};
/* End PBXVariantGroup section */

/* Begin XCBuildConfiguration section */
		89ABEBA517C3DA5200F0BF51 /* Debug */ = {
			isa = XCBuildConfiguration;
			buildSettings = {
				ALWAYS_SEARCH_USER_PATHS = NO;
				CLANG_CXX_LANGUAGE_STANDARD = "gnu++0x";
				CLANG_CXX_LIBRARY = "libc++";
				CLANG_ENABLE_OBJC_ARC = YES;
				CLANG_WARN_CONSTANT_CONVERSION = YES;
				CLANG_WARN_EMPTY_BODY = YES;
				CLANG_WARN_ENUM_CONVERSION = YES;
				CLANG_WARN_INT_CONVERSION = YES;
				CLANG_WARN__DUPLICATE_METHOD_MATCH = YES;
				"CODE_SIGN_IDENTITY[sdk=iphoneos*]" = "iPhone Developer";
				COPY_PHASE_STRIP = NO;
				GCC_C_LANGUAGE_STANDARD = gnu99;
				GCC_DYNAMIC_NO_PIC = NO;
				GCC_OPTIMIZATION_LEVEL = 0;
				GCC_PREPROCESSOR_DEFINITIONS = (
					"DEBUG=1",
					"$(inherited)",
				);
				GCC_SYMBOLS_PRIVATE_EXTERN = NO;
				GCC_WARN_ABOUT_RETURN_TYPE = YES;
				GCC_WARN_UNINITIALIZED_AUTOS = YES;
				GCC_WARN_UNUSED_VARIABLE = YES;
				IPHONEOS_DEPLOYMENT_TARGET = 6.1;
				ONLY_ACTIVE_ARCH = YES;
				SDKROOT = iphoneos;
				TARGETED_DEVICE_FAMILY = "1,2";
			};
			name = Debug;
		};
		89ABEBA617C3DA5200F0BF51 /* Release */ = {
			isa = XCBuildConfiguration;
			buildSettings = {
				ALWAYS_SEARCH_USER_PATHS = NO;
				CLANG_CXX_LANGUAGE_STANDARD = "gnu++0x";
				CLANG_CXX_LIBRARY = "libc++";
				CLANG_ENABLE_OBJC_ARC = YES;
				CLANG_WARN_CONSTANT_CONVERSION = YES;
				CLANG_WARN_EMPTY_BODY = YES;
				CLANG_WARN_ENUM_CONVERSION = YES;
				CLANG_WARN_INT_CONVERSION = YES;
				CLANG_WARN__DUPLICATE_METHOD_MATCH = YES;
				"CODE_SIGN_IDENTITY[sdk=iphoneos*]" = "iPhone Developer";
				COPY_PHASE_STRIP = YES;
				GCC_C_LANGUAGE_STANDARD = gnu99;
				GCC_WARN_ABOUT_RETURN_TYPE = YES;
				GCC_WARN_UNINITIALIZED_AUTOS = YES;
				GCC_WARN_UNUSED_VARIABLE = YES;
				IPHONEOS_DEPLOYMENT_TARGET = 6.1;
				OTHER_CFLAGS = "-DNS_BLOCK_ASSERTIONS=1";
				SDKROOT = iphoneos;
				TARGETED_DEVICE_FAMILY = "1,2";
				VALIDATE_PRODUCT = YES;
			};
			name = Release;
		};
		89ABEBA817C3DA5200F0BF51 /* Debug */ = {
			isa = XCBuildConfiguration;
			buildSettings = {
				GCC_PRECOMPILE_PREFIX_HEADER = YES;
				GCC_PREFIX_HEADER = "test/TabAndNav-Prefix.pch";
				INFOPLIST_FILE = "test/TabAndNav-Info.plist";
				PRODUCT_NAME = TabAndNav;
				WRAPPER_EXTENSION = app;
			};
			name = Debug;
		};
		89ABEBA917C3DA5200F0BF51 /* Release */ = {
			isa = XCBuildConfiguration;
			buildSettings = {
				GCC_PRECOMPILE_PREFIX_HEADER = YES;
				GCC_PREFIX_HEADER = "test/TabAndNav-Prefix.pch";
				INFOPLIST_FILE = "test/TabAndNav-Info.plist";
				PRODUCT_NAME = TabAndNav;
				WRAPPER_EXTENSION = app;
			};
			name = Release;
		};
/* End XCBuildConfiguration section */

/* Begin XCConfigurationList section */
		89ABEB8517C3DA5100F0BF51 /* Build configuration list for PBXProject "TabAndNav" */ = {
			isa = XCConfigurationList;
			buildConfigurations = (
				89ABEBA517C3DA5200F0BF51 /* Debug */,
				89ABEBA617C3DA5200F0BF51 /* Release */,
			);
			defaultConfigurationIsVisible = 0;
			defaultConfigurationName = Release;
		};
		89ABEBA717C3DA5200F0BF51 /* Build configuration list for PBXNativeTarget "TabAndNav" */ = {
			isa = XCConfigurationList;
			buildConfigurations = (
				89ABEBA817C3DA5200F0BF51 /* Debug */,
				89ABEBA917C3DA5200F0BF51 /* Release */,
			);
			defaultConfigurationIsVisible = 0;
			defaultConfigurationName = Release;
		};
/* End XCConfigurationList section */
	};
	rootObject = 89ABEB8217C3DA5100F0BF51 /* Project object */;
}
